
Microsoft Visual Studio Solution File, Format Version 12.00
# Visual Studio 15
VisualStudioVersion = 15.0.28307.1259
MinimumVisualStudioVersion = 10.0.40219.1
Project("{FAE04EC0-301F-11D3-BF4B-00C04F79EFBC}") = "MvcStokProje", "MvcStokProje\MvcStokProje.csproj", "{B64E2C68-803A-4659-BB1C-078DA64A6F39}"
EndProject
Global
	GlobalSection(SolutionConfigurationPlatforms) = preSolution
		Debug|Any CPU = Debug|Any CPU
		Release|Any CPU = Release|Any CPU
	EndGlobalSection
	GlobalSection(ProjectConfigurationPlatforms) = postSolution
		{B64E2C68-803A-4659-BB1C-078DA64A6F39}.Debug|Any CPU.ActiveCfg = Debug|Any CPU
		{B64E2C68-803A-4659-BB1C-078DA64A6F39}.Debug|Any CPU.Build.0 = Debug|Any CPU
		{B64E2C68-803A-4659-BB1C-078DA64A6F39}.Release|Any CPU.ActiveCfg = Release|Any CPU
		{B64E2C68-803A-4659-BB1C-078DA64A6F39}.Release|Any CPU.Build.0 = Release|Any CPU
	EndGlobalSection
	GlobalSection(SolutionProperties) = preSolution
		HideSolutionNode = FALSE
	EndGlobalSection
	GlobalSection(ExtensibilityGlobals) = postSolution
		SolutionGuid = {46E532B2-C040-4E3A-A989-56CE3DD5C95B}
	EndGlobalSection
EndGlobal
